PODS:
  - AudioKit (4.10.1):
    - AudioKit/Core (= 4.10.1)
    - AudioKit/UI (= 4.10.1)
  - AudioKit/Core (4.10.1)
  - AudioKit/UI (4.10.1):
    - AudioKit/Core

DEPENDENCIES:
  - AudioKit (= 4.10.1)

SPEC REPOS:
  trunk:
    - AudioKit

SPEC CHECKSUMS:
  AudioKit: b8e508a0af3dc7d53caf0ca1002b187a662f949e

PODFILE CHECKSUM: 9134e974a504b6816e6dd8e1eb89e345014e6463

COCOAPODS: 1.9.3
