// !$*UTF8*$!
{
	archiveVersion = 1;
	classes = {
	};
	objectVersion = 51;
	objects = {

/* Begin PBXBuildFile section */
		409AF9855F4B4FD3A43E970E /* Pods_AudiokitSequencerTests.framework in Frameworks */ = {isa = PBXBuildFile; fileRef = 9A45EEA4AB29A043D1243D18 /* Pods_AudiokitSequencerTests.framework */; };
		E80DDB9B2500DB86001ADBF9 /* TracksStackViewModel.swift in Sources */ = {isa = PBXBuildFile; fileRef = E80DDB9A2500DB86001ADBF9 /* TracksStackViewModel.swift */; };
		E80DDB9D2500EB64001ADBF9 /* UIControl+AudioSequencer.swift in Sources */ = {isa = PBXBuildFile; fileRef = E80DDB9C2500EB64001ADBF9 /* UIControl+AudioSequencer.swift */; };
		E8669C8A24EA8CD10021645F /* Drums in Resources */ = {isa = PBXBuildFile; fileRef = E8669C8924EA8CD10021645F /* Drums */; };
		E8669C8E24EBDC6D0021645F /* DrumPad.swift in Sources */ = {isa = PBXBuildFile; fileRef = E8669C8D24EBDC6D0021645F /* DrumPad.swift */; };
		E8669C9024EBE37E0021645F /* Sequencer.swift in Sources */ = {isa = PBXBuildFile; fileRef = E8669C8F24EBE37E0021645F /* Sequencer.swift */; };
		E8669C9224ED24000021645F /* DrumSet.swift in Sources */ = {isa = PBXBuildFile; fileRef = E8669C9124ED24000021645F /* DrumSet.swift */; };
		E8669C9524F7DE4B0021645F /* PadButton.swift in Sources */ = {isa = PBXBuildFile; fileRef = E8669C9424F7DE4B0021645F /* PadButton.swift */; };
		E8669C9724F917230021645F /* PadRenderer.swift in Sources */ = {isa = PBXBuildFile; fileRef = E8669C9624F917230021645F /* PadRenderer.swift */; };
		E8669C9B24FD02450021645F /* SequencerFactory.swift in Sources */ = {isa = PBXBuildFile; fileRef = E8669C9A24FD02450021645F /* SequencerFactory.swift */; };
		E8669C9D24FD14640021645F /* UIGradientLayer+AudioSequencer.swift in Sources */ = {isa = PBXBuildFile; fileRef = E8669C9C24FD14640021645F /* UIGradientLayer+AudioSequencer.swift */; };
		E8669C9F24FE52930021645F /* TrackView.swift in Sources */ = {isa = PBXBuildFile; fileRef = E8669C9E24FE52930021645F /* TrackView.swift */; };
		E8669CA124FE541A0021645F /* UIView+AudioSequencer.swift in Sources */ = {isa = PBXBuildFile; fileRef = E8669CA024FE541A0021645F /* UIView+AudioSequencer.swift */; };
		E8669CA324FEA6810021645F /* UIColor+AudioSequencer.swift in Sources */ = {isa = PBXBuildFile; fileRef = E8669C9824FCF58B0021645F /* UIColor+AudioSequencer.swift */; };
		E8669CA524FEA6B70021645F /* TrackViewModel.swift in Sources */ = {isa = PBXBuildFile; fileRef = E8669CA424FEA6B70021645F /* TrackViewModel.swift */; };
		E8678D3C24C9DC9E006F8244 /* AppDelegate.swift in Sources */ = {isa = PBXBuildFile; fileRef = E8678D3B24C9DC9E006F8244 /* AppDelegate.swift */; };
		E8678D3E24C9DC9E006F8244 /* SceneDelegate.swift in Sources */ = {isa = PBXBuildFile; fileRef = E8678D3D24C9DC9E006F8244 /* SceneDelegate.swift */; };
		E8678D4024C9DC9E006F8244 /* ViewController.swift in Sources */ = {isa = PBXBuildFile; fileRef = E8678D3F24C9DC9E006F8244 /* ViewController.swift */; };
		E8678D4324C9DC9E006F8244 /* Main.storyboard in Resources */ = {isa = PBXBuildFile; fileRef = E8678D4124C9DC9E006F8244 /* Main.storyboard */; };
		E8678D4524C9DC9F006F8244 /* Assets.xcassets in Resources */ = {isa = PBXBuildFile; fileRef = E8678D4424C9DC9F006F8244 /* Assets.xcassets */; };
		E8678D4824C9DC9F006F8244 /* LaunchScreen.storyboard in Resources */ = {isa = PBXBuildFile; fileRef = E8678D4624C9DC9F006F8244 /* LaunchScreen.storyboard */; };
		E8678D5324C9DC9F006F8244 /* AudiokitSequencerTests.swift in Sources */ = {isa = PBXBuildFile; fileRef = E8678D5224C9DC9F006F8244 /* AudiokitSequencerTests.swift */; };
		E8D0423D24FEA9900008F888 /* TracksStackView.swift in Sources */ = {isa = PBXBuildFile; fileRef = E8D0423C24FEA9900008F888 /* TracksStackView.swift */; };
		E8ED32932506334C002534E7 /* PadGestures.swift in Sources */ = {isa = PBXBuildFile; fileRef = E8ED32922506334C002534E7 /* PadGestures.swift */; };
		E8ED329625068455002534E7 /* CircularLevelShapeLayer.swift in Sources */ = {isa = PBXBuildFile; fileRef = E80DDB9E25024CB6001ADBF9 /* CircularLevelShapeLayer.swift */; };
		FFFBB176606783CEA22A7EBE /* Pods_AudiokitSequencer.framework in Frameworks */ = {isa = PBXBuildFile; fileRef = 954AE69E2A0F5C41AA73B790 /* Pods_AudiokitSequencer.framework */; };
/* End PBXBuildFile section */

/* Begin PBXContainerItemProxy section */
		E8678D4F24C9DC9F006F8244 /* PBXContainerItemProxy */ = {
			isa = PBXContainerItemProxy;
			containerPortal = E8678D3024C9DC9E006F8244 /* Project object */;
			proxyType = 1;
			remoteGlobalIDString = E8678D3724C9DC9E006F8244;
			remoteInfo = AudiokitSequencer;
		};
/* End PBXContainerItemProxy section */

/* Begin PBXFileReference section */
		07D0B390C746B012D21BA856 /* Pods-AudiokitSequencerTests.release.xcconfig */ = {isa = PBXFileReference; includeInIndex = 1; lastKnownFileType = text.xcconfig; name = "Pods-AudiokitSequencerTests.release.xcconfig"; path = "Target Support Files/Pods-AudiokitSequencerTests/Pods-AudiokitSequencerTests.release.xcconfig"; sourceTree = "<group>"; };
		0F68F75FD80F257050713C93 /* Pods-AudiokitSequencer.debug.xcconfig */ = {isa = PBXFileReference; includeInIndex = 1; lastKnownFileType = text.xcconfig; name = "Pods-AudiokitSequencer.debug.xcconfig"; path = "Target Support Files/Pods-AudiokitSequencer/Pods-AudiokitSequencer.debug.xcconfig"; sourceTree = "<group>"; };
		13954783F1C09B9BFBC97A85 /* Pods-AudiokitSequencerTests.debug.xcconfig */ = {isa = PBXFileReference; includeInIndex = 1; lastKnownFileType = text.xcconfig; name = "Pods-AudiokitSequencerTests.debug.xcconfig"; path = "Target Support Files/Pods-AudiokitSequencerTests/Pods-AudiokitSequencerTests.debug.xcconfig"; sourceTree = "<group>"; };
		7CA7515D0B91C10E14D1E3DF /* Pods-AudiokitSequencer.release.xcconfig */ = {isa = PBXFileReference; includeInIndex = 1; lastKnownFileType = text.xcconfig; name = "Pods-AudiokitSequencer.release.xcconfig"; path = "Target Support Files/Pods-AudiokitSequencer/Pods-AudiokitSequencer.release.xcconfig"; sourceTree = "<group>"; };
		954AE69E2A0F5C41AA73B790 /* Pods_AudiokitSequencer.framework */ = {isa = PBXFileReference; explicitFileType = wrapper.framework; includeInIndex = 0; path = Pods_AudiokitSequencer.framework; sourceTree = BUILT_PRODUCTS_DIR; };
		9A45EEA4AB29A043D1243D18 /* Pods_AudiokitSequencerTests.framework */ = {isa = PBXFileReference; explicitFileType = wrapper.framework; includeInIndex = 0; path = Pods_AudiokitSequencerTests.framework; sourceTree = BUILT_PRODUCTS_DIR; };
		E80DDB9A2500DB86001ADBF9 /* TracksStackViewModel.swift */ = {isa = PBXFileReference; lastKnownFileType = sourcecode.swift; path = TracksStackViewModel.swift; sourceTree = "<group>"; };
		E80DDB9C2500EB64001ADBF9 /* UIControl+AudioSequencer.swift */ = {isa = PBXFileReference; lastKnownFileType = sourcecode.swift; path = "UIControl+AudioSequencer.swift"; sourceTree = "<group>"; };
		E80DDB9E25024CB6001ADBF9 /* CircularLevelShapeLayer.swift */ = {isa = PBXFileReference; lastKnownFileType = sourcecode.swift; path = CircularLevelShapeLayer.swift; sourceTree = "<group>"; };
		E8669C8924EA8CD10021645F /* Drums */ = {isa = PBXFileReference; lastKnownFileType = folder; name = Drums; path = Samples/Drums; sourceTree = "<group>"; };
		E8669C8D24EBDC6D0021645F /* DrumPad.swift */ = {isa = PBXFileReference; lastKnownFileType = sourcecode.swift; path = DrumPad.swift; sourceTree = "<group>"; };
		E8669C8F24EBE37E0021645F /* Sequencer.swift */ = {isa = PBXFileReference; lastKnownFileType = sourcecode.swift; path = Sequencer.swift; sourceTree = "<group>"; };
		E8669C9124ED24000021645F /* DrumSet.swift */ = {isa = PBXFileReference; lastKnownFileType = sourcecode.swift; path = DrumSet.swift; sourceTree = "<group>"; };
		E8669C9424F7DE4B0021645F /* PadButton.swift */ = {isa = PBXFileReference; lastKnownFileType = sourcecode.swift; path = PadButton.swift; sourceTree = "<group>"; };
		E8669C9624F917230021645F /* PadRenderer.swift */ = {isa = PBXFileReference; lastKnownFileType = sourcecode.swift; path = PadRenderer.swift; sourceTree = "<group>"; };
		E8669C9824FCF58B0021645F /* UIColor+AudioSequencer.swift */ = {isa = PBXFileReference; lastKnownFileType = sourcecode.swift; path = "UIColor+AudioSequencer.swift"; sourceTree = "<group>"; };
		E8669C9A24FD02450021645F /* SequencerFactory.swift */ = {isa = PBXFileReference; lastKnownFileType = sourcecode.swift; path = SequencerFactory.swift; sourceTree = "<group>"; };
		E8669C9C24FD14640021645F /* UIGradientLayer+AudioSequencer.swift */ = {isa = PBXFileReference; lastKnownFileType = sourcecode.swift; path = "UIGradientLayer+AudioSequencer.swift"; sourceTree = "<group>"; };
		E8669C9E24FE52930021645F /* TrackView.swift */ = {isa = PBXFileReference; lastKnownFileType = sourcecode.swift; path = TrackView.swift; sourceTree = "<group>"; };
		E8669CA024FE541A0021645F /* UIView+AudioSequencer.swift */ = {isa = PBXFileReference; lastKnownFileType = sourcecode.swift; path = "UIView+AudioSequencer.swift"; sourceTree = "<group>"; };
		E8669CA424FEA6B70021645F /* TrackViewModel.swift */ = {isa = PBXFileReference; lastKnownFileType = sourcecode.swift; path = TrackViewModel.swift; sourceTree = "<group>"; };
		E8678D3824C9DC9E006F8244 /* AudiokitSequencer.app */ = {isa = PBXFileReference; explicitFileType = wrapper.application; includeInIndex = 0; path = AudiokitSequencer.app; sourceTree = BUILT_PRODUCTS_DIR; };
		E8678D3B24C9DC9E006F8244 /* AppDelegate.swift */ = {isa = PBXFileReference; lastKnownFileType = sourcecode.swift; path = AppDelegate.swift; sourceTree = "<group>"; };
		E8678D3D24C9DC9E006F8244 /* SceneDelegate.swift */ = {isa = PBXFileReference; lastKnownFileType = sourcecode.swift; path = SceneDelegate.swift; sourceTree = "<group>"; };
		E8678D3F24C9DC9E006F8244 /* ViewController.swift */ = {isa = PBXFileReference; lastKnownFileType = sourcecode.swift; path = ViewController.swift; sourceTree = "<group>"; };
		E8678D4224C9DC9E006F8244 /* Base */ = {isa = PBXFileReference; lastKnownFileType = file.storyboard; name = Base; path = Base.lproj/Main.storyboard; sourceTree = "<group>"; };
		E8678D4424C9DC9F006F8244 /* Assets.xcassets */ = {isa = PBXFileReference; lastKnownFileType = folder.assetcatalog; path = Assets.xcassets; sourceTree = "<group>"; };
		E8678D4724C9DC9F006F8244 /* Base */ = {isa = PBXFileReference; lastKnownFileType = file.storyboard; name = Base; path = Base.lproj/LaunchScreen.storyboard; sourceTree = "<group>"; };
		E8678D4924C9DC9F006F8244 /* Info.plist */ = {isa = PBXFileReference; lastKnownFileType = text.plist.xml; path = Info.plist; sourceTree = "<group>"; };
		E8678D4E24C9DC9F006F8244 /* AudiokitSequencerTests.xctest */ = {isa = PBXFileReference; explicitFileType = wrapper.cfbundle; includeInIndex = 0; path = AudiokitSequencerTests.xctest; sourceTree = BUILT_PRODUCTS_DIR; };
		E8678D5224C9DC9F006F8244 /* AudiokitSequencerTests.swift */ = {isa = PBXFileReference; lastKnownFileType = sourcecode.swift; path = AudiokitSequencerTests.swift; sourceTree = "<group>"; };
		E8678D5424C9DC9F006F8244 /* Info.plist */ = {isa = PBXFileReference; lastKnownFileType = text.plist.xml; path = Info.plist; sourceTree = "<group>"; };
		E8D0423C24FEA9900008F888 /* TracksStackView.swift */ = {isa = PBXFileReference; lastKnownFileType = sourcecode.swift; path = TracksStackView.swift; sourceTree = "<group>"; };
		E8ED32922506334C002534E7 /* PadGestures.swift */ = {isa = PBXFileReference; lastKnownFileType = sourcecode.swift; path = PadGestures.swift; sourceTree = "<group>"; };
/* End PBXFileReference section */

/* Begin PBXFrameworksBuildPhase section */
		E8678D3524C9DC9E006F8244 /* Frameworks */ = {
			isa = PBXFrameworksBuildPhase;
			buildActionMask = 2147483647;
			files = (
				FFFBB176606783CEA22A7EBE /* Pods_AudiokitSequencer.framework in Frameworks */,
			);
			runOnlyForDeploymentPostprocessing = 0;
		};
		E8678D4B24C9DC9F006F8244 /* Frameworks */ = {
			isa = PBXFrameworksBuildPhase;
			buildActionMask = 2147483647;
			files = (
				409AF9855F4B4FD3A43E970E /* Pods_AudiokitSequencerTests.framework in Frameworks */,
			);
			runOnlyForDeploymentPostprocessing = 0;
		};
/* End PBXFrameworksBuildPhase section */

/* Begin PBXGroup section */
		5BDF3DE2D157CD549622B018 /* Pods */ = {
			isa = PBXGroup;
			children = (
				0F68F75FD80F257050713C93 /* Pods-AudiokitSequencer.debug.xcconfig */,
				7CA7515D0B91C10E14D1E3DF /* Pods-AudiokitSequencer.release.xcconfig */,
				13954783F1C09B9BFBC97A85 /* Pods-AudiokitSequencerTests.debug.xcconfig */,
				07D0B390C746B012D21BA856 /* Pods-AudiokitSequencerTests.release.xcconfig */,
			);
			path = Pods;
			sourceTree = "<group>";
		};
		84A5A6AEC4FC7C1CA28F629D /* Frameworks */ = {
			isa = PBXGroup;
			children = (
				954AE69E2A0F5C41AA73B790 /* Pods_AudiokitSequencer.framework */,
				9A45EEA4AB29A043D1243D18 /* Pods_AudiokitSequencerTests.framework */,
			);
			name = Frameworks;
			sourceTree = "<group>";
		};
		E8669C9324F7DE000021645F /* PadButton */ = {
			isa = PBXGroup;
			children = (
				E80DDB9E25024CB6001ADBF9 /* CircularLevelShapeLayer.swift */,
				E8669C9424F7DE4B0021645F /* PadButton.swift */,
				E8ED32922506334C002534E7 /* PadGestures.swift */,
				E8669C9624F917230021645F /* PadRenderer.swift */,
			);
			path = PadButton;
			sourceTree = "<group>";
		};
		E8669CA224FEA4C60021645F /* Extensions */ = {
			isa = PBXGroup;
			children = (
				E8669C9824FCF58B0021645F /* UIColor+AudioSequencer.swift */,
				E8669CA024FE541A0021645F /* UIView+AudioSequencer.swift */,
				E8669C9C24FD14640021645F /* UIGradientLayer+AudioSequencer.swift */,
				E80DDB9C2500EB64001ADBF9 /* UIControl+AudioSequencer.swift */,
			);
			path = Extensions;
			sourceTree = "<group>";
		};
		E8669CA624FEA7650021645F /* TrackView */ = {
			isa = PBXGroup;
			children = (
				E8669C9E24FE52930021645F /* TrackView.swift */,
				E8669CA424FEA6B70021645F /* TrackViewModel.swift */,
				E8D0423C24FEA9900008F888 /* TracksStackView.swift */,
				E80DDB9A2500DB86001ADBF9 /* TracksStackViewModel.swift */,
			);
			path = TrackView;
			sourceTree = "<group>";
		};
		E8678D2F24C9DC9E006F8244 = {
			isa = PBXGroup;
			children = (
				E8678D3A24C9DC9E006F8244 /* AudiokitSequencer */,
				E8678D5124C9DC9F006F8244 /* AudiokitSequencerTests */,
				E8669C8924EA8CD10021645F /* Drums */,
				E8678D3924C9DC9E006F8244 /* Products */,
				5BDF3DE2D157CD549622B018 /* Pods */,
				84A5A6AEC4FC7C1CA28F629D /* Frameworks */,
			);
			sourceTree = "<group>";
		};
		E8678D3924C9DC9E006F8244 /* Products */ = {
			isa = PBXGroup;
			children = (
				E8678D3824C9DC9E006F8244 /* AudiokitSequencer.app */,
				E8678D4E24C9DC9F006F8244 /* AudiokitSequencerTests.xctest */,
			);
			name = Products;
			sourceTree = "<group>";
		};
		E8678D3A24C9DC9E006F8244 /* AudiokitSequencer */ = {
			isa = PBXGroup;
			children = (
				E8678D4924C9DC9F006F8244 /* Info.plist */,
				E8678D3B24C9DC9E006F8244 /* AppDelegate.swift */,
				E8669C8D24EBDC6D0021645F /* DrumPad.swift */,
				E8669C9124ED24000021645F /* DrumSet.swift */,
				E8669C9A24FD02450021645F /* SequencerFactory.swift */,
				E8678D3D24C9DC9E006F8244 /* SceneDelegate.swift */,
				E8669C8F24EBE37E0021645F /* Sequencer.swift */,
				E8678D3F24C9DC9E006F8244 /* ViewController.swift */,
				E8678D4424C9DC9F006F8244 /* Assets.xcassets */,
				E8678D4624C9DC9F006F8244 /* LaunchScreen.storyboard */,
				E8678D4124C9DC9E006F8244 /* Main.storyboard */,
				E8669CA224FEA4C60021645F /* Extensions */,
				E8669C9324F7DE000021645F /* PadButton */,
				E8669CA624FEA7650021645F /* TrackView */,
			);
			path = AudiokitSequencer;
			sourceTree = "<group>";
		};
		E8678D5124C9DC9F006F8244 /* AudiokitSequencerTests */ = {
			isa = PBXGroup;
			children = (
				E8678D5224C9DC9F006F8244 /* AudiokitSequencerTests.swift */,
				E8678D5424C9DC9F006F8244 /* Info.plist */,
			);
			path = AudiokitSequencerTests;
			sourceTree = "<group>";
		};
/* End PBXGroup section */

/* Begin PBXNativeTarget section */
		E8678D3724C9DC9E006F8244 /* AudiokitSequencer */ = {
			isa = PBXNativeTarget;
			buildConfigurationList = E8678D5724C9DC9F006F8244 /* Build configuration list for PBXNativeTarget "AudiokitSequencer" */;
			buildPhases = (
				1605B897F11E60D58282F60A /* [CP] Check Pods Manifest.lock */,
				E8678D3424C9DC9E006F8244 /* Sources */,
				E8678D3524C9DC9E006F8244 /* Frameworks */,
				E8678D3624C9DC9E006F8244 /* Resources */,
			);
			buildRules = (
			);
			dependencies = (
			);
			name = AudiokitSequencer;
			productName = AudiokitSequencer;
			productReference = E8678D3824C9DC9E006F8244 /* AudiokitSequencer.app */;
			productType = "com.apple.product-type.application";
		};
		E8678D4D24C9DC9F006F8244 /* AudiokitSequencerTests */ = {
			isa = PBXNativeTarget;
			buildConfigurationList = E8678D5A24C9DC9F006F8244 /* Build configuration list for PBXNativeTarget "AudiokitSequencerTests" */;
			buildPhases = (
				2477338B293169F63253F6A3 /* [CP] Check Pods Manifest.lock */,
				E8678D4A24C9DC9F006F8244 /* Sources */,
				E8678D4B24C9DC9F006F8244 /* Frameworks */,
				E8678D4C24C9DC9F006F8244 /* Resources */,
			);
			buildRules = (
			);
			dependencies = (
				E8678D5024C9DC9F006F8244 /* PBXTargetDependency */,
			);
			name = AudiokitSequencerTests;
			productName = AudiokitSequencerTests;
			productReference = E8678D4E24C9DC9F006F8244 /* AudiokitSequencerTests.xctest */;
			productType = "com.apple.product-type.bundle.unit-test";
		};
/* End PBXNativeTarget section */

/* Begin PBXProject section */
		E8678D3024C9DC9E006F8244 /* Project object */ = {
			isa = PBXProject;
			attributes = {
				LastSwiftUpdateCheck = 1140;
				LastUpgradeCheck = 1200;
				ORGANIZATIONNAME = "Georgi, Stephan";
				TargetAttributes = {
					E8678D3724C9DC9E006F8244 = {
						CreatedOnToolsVersion = 11.4;
					};
					E8678D4D24C9DC9F006F8244 = {
						CreatedOnToolsVersion = 11.4;
						TestTargetID = E8678D3724C9DC9E006F8244;
					};
				};
			};
			buildConfigurationList = E8678D3324C9DC9E006F8244 /* Build configuration list for PBXProject "AudiokitSequencer" */;
			compatibilityVersion = "Xcode 9.3";
			developmentRegion = en;
			hasScannedForEncodings = 0;
			knownRegions = (
				en,
				Base,
			);
			mainGroup = E8678D2F24C9DC9E006F8244;
			productRefGroup = E8678D3924C9DC9E006F8244 /* Products */;
			projectDirPath = "";
			projectRoot = "";
			targets = (
				E8678D3724C9DC9E006F8244 /* AudiokitSequencer */,
				E8678D4D24C9DC9F006F8244 /* AudiokitSequencerTests */,
			);
		};
/* End PBXProject section */

/* Begin PBXResourcesBuildPhase section */
		E8678D3624C9DC9E006F8244 /* Resources */ = {
			isa = PBXResourcesBuildPhase;
			buildActionMask = 2147483647;
			files = (
				E8669C8A24EA8CD10021645F /* Drums in Resources */,
				E8678D4824C9DC9F006F8244 /* LaunchScreen.storyboard in Resources */,
				E8678D4524C9DC9F006F8244 /* Assets.xcassets in Resources */,
				E8678D4324C9DC9E006F8244 /* Main.storyboard in Resources */,
			);
			runOnlyForDeploymentPostprocessing = 0;
		};
		E8678D4C24C9DC9F006F8244 /* Resources */ = {
			isa = PBXResourcesBuildPhase;
			buildActionMask = 2147483647;
			files = (
			);
			runOnlyForDeploymentPostprocessing = 0;
		};
/* End PBXResourcesBuildPhase section */

/* Begin PBXShellScriptBuildPhase section */
		1605B897F11E60D58282F60A /* [CP] Check Pods Manifest.lock */ = {
			isa = PBXShellScriptBuildPhase;
			buildActionMask = 2147483647;
			files = (
			);
			inputFileListPaths = (
			);
			inputPaths = (
				"${PODS_PODFILE_DIR_PATH}/Podfile.lock",
				"${PODS_ROOT}/Manifest.lock",
			);
			name = "[CP] Check Pods Manifest.lock";
			outputFileListPaths = (
			);
			outputPaths = (
				"$(DERIVED_FILE_DIR)/Pods-AudiokitSequencer-checkManifestLockResult.txt",
			);
			runOnlyForDeploymentPostprocessing = 0;
			shellPath = /bin/sh;
			shellScript = "diff \"${PODS_PODFILE_DIR_PATH}/Podfile.lock\" \"${PODS_ROOT}/Manifest.lock\" > /dev/null\nif [ $? != 0 ] ; then\n    # print error to STDERR\n    echo \"error: The sandbox is not in sync with the Podfile.lock. Run 'pod install' or update your CocoaPods installation.\" >&2\n    exit 1\nfi\n# This output is used by Xcode 'outputs' to avoid re-running this script phase.\necho \"SUCCESS\" > \"${SCRIPT_OUTPUT_FILE_0}\"\n";
			showEnvVarsInLog = 0;
		};
		2477338B293169F63253F6A3 /* [CP] Check Pods Manifest.lock */ = {
			isa = PBXShellScriptBuildPhase;
			buildActionMask = 2147483647;
			files = (
			);
			inputFileListPaths = (
			);
			inputPaths = (
				"${PODS_PODFILE_DIR_PATH}/Podfile.lock",
				"${PODS_ROOT}/Manifest.lock",
			);
			name = "[CP] Check Pods Manifest.lock";
			outputFileListPaths = (
			);
			outputPaths = (
				"$(DERIVED_FILE_DIR)/Pods-AudiokitSequencerTests-checkManifestLockResult.txt",
			);
			runOnlyForDeploymentPostprocessing = 0;
			shellPath = /bin/sh;
			shellScript = "diff \"${PODS_PODFILE_DIR_PATH}/Podfile.lock\" \"${PODS_ROOT}/Manifest.lock\" > /dev/null\nif [ $? != 0 ] ; then\n    # print error to STDERR\n    echo \"error: The sandbox is not in sync with the Podfile.lock. Run 'pod install' or update your CocoaPods installation.\" >&2\n    exit 1\nfi\n# This output is used by Xcode 'outputs' to avoid re-running this script phase.\necho \"SUCCESS\" > \"${SCRIPT_OUTPUT_FILE_0}\"\n";
			showEnvVarsInLog = 0;
		};
/* End PBXShellScriptBuildPhase section */

/* Begin PBXSourcesBuildPhase section */
		E8678D3424C9DC9E006F8244 /* Sources */ = {
			isa = PBXSourcesBuildPhase;
			buildActionMask = 2147483647;
			files = (
				E8669C9D24FD14640021645F /* UIGradientLayer+AudioSequencer.swift in Sources */,
				E8669C9224ED24000021645F /* DrumSet.swift in Sources */,
				E8669C9F24FE52930021645F /* TrackView.swift in Sources */,
				E8ED329625068455002534E7 /* CircularLevelShapeLayer.swift in Sources */,
				E8678D4024C9DC9E006F8244 /* ViewController.swift in Sources */,
				E80DDB9B2500DB86001ADBF9 /* TracksStackViewModel.swift in Sources */,
				E80DDB9D2500EB64001ADBF9 /* UIControl+AudioSequencer.swift in Sources */,
				E8669C9524F7DE4B0021645F /* PadButton.swift in Sources */,
				E8669CA524FEA6B70021645F /* TrackViewModel.swift in Sources */,
				E8678D3C24C9DC9E006F8244 /* AppDelegate.swift in Sources */,
				E8669C8E24EBDC6D0021645F /* DrumPad.swift in Sources */,
				E8ED32932506334C002534E7 /* PadGestures.swift in Sources */,
				E8D0423D24FEA9900008F888 /* TracksStackView.swift in Sources */,
				E8678D3E24C9DC9E006F8244 /* SceneDelegate.swift in Sources */,
				E8669C9724F917230021645F /* PadRenderer.swift in Sources */,
				E8669CA324FEA6810021645F /* UIColor+AudioSequencer.swift in Sources */,
				E8669CA124FE541A0021645F /* UIView+AudioSequencer.swift in Sources */,
				E8669C9024EBE37E0021645F /* Sequencer.swift in Sources */,
				E8669C9B24FD02450021645F /* SequencerFactory.swift in Sources */,
			);
			runOnlyForDeploymentPostprocessing = 0;
		};
		E8678D4A24C9DC9F006F8244 /* Sources */ = {
			isa = PBXSourcesBuildPhase;
			buildActionMask = 2147483647;
			files = (
				E8678D5324C9DC9F006F8244 /* AudiokitSequencerTests.swift in Sources */,
			);
			runOnlyForDeploymentPostprocessing = 0;
		};
/* End PBXSourcesBuildPhase section */

/* Begin PBXTargetDependency section */
		E8678D5024C9DC9F006F8244 /* PBXTargetDependency */ = {
			isa = PBXTargetDependency;
			target = E8678D3724C9DC9E006F8244 /* AudiokitSequencer */;
			targetProxy = E8678D4F24C9DC9F006F8244 /* PBXContainerItemProxy */;
		};
/* End PBXTargetDependency section */

/* Begin PBXVariantGroup section */
		E8678D4124C9DC9E006F8244 /* Main.storyboard */ = {
			isa = PBXVariantGroup;
			children = (
				E8678D4224C9DC9E006F8244 /* Base */,
			);
			name = Main.storyboard;
			sourceTree = "<group>";
		};
		E8678D4624C9DC9F006F8244 /* LaunchScreen.storyboard */ = {
			isa = PBXVariantGroup;
			children = (
				E8678D4724C9DC9F006F8244 /* Base */,
			);
			name = LaunchScreen.storyboard;
			sourceTree = "<group>";
		};
/* End PBXVariantGroup section */

/* Begin XCBuildConfiguration section */
		E8678D5524C9DC9F006F8244 /* Debug */ = {
			isa = XCBuildConfiguration;
			buildSettings = {
				ALWAYS_SEARCH_USER_PATHS = NO;
				CLANG_ANALYZER_NONNULL = YES;
				CLANG_ANALYZER_NUMBER_OBJECT_CONVERSION = YES_AGGRESSIVE;
				CLANG_CXX_LANGUAGE_STANDARD = "gnu++14";
				CLANG_CXX_LIBRARY = "libc++";
				CLANG_ENABLE_MODULES = YES;
				CLANG_ENABLE_OBJC_ARC = YES;
				CLANG_ENABLE_OBJC_WEAK = YES;
				CLANG_WARN_BLOCK_CAPTURE_AUTORELEASING = YES;
				CLANG_WARN_BOOL_CONVERSION = YES;
				CLANG_WARN_COMMA = YES;
				CLANG_WARN_CONSTANT_CONVERSION = YES;
				CLANG_WARN_DEPRECATED_OBJC_IMPLEMENTATIONS = YES;
				CLANG_WARN_DIRECT_OBJC_ISA_USAGE = YES_ERROR;
				CLANG_WARN_DOCUMENTATION_COMMENTS = YES;
				CLANG_WARN_EMPTY_BODY = YES;
				CLANG_WARN_ENUM_CONVERSION = YES;
				CLANG_WARN_INFINITE_RECURSION = YES;
				CLANG_WARN_INT_CONVERSION = YES;
				CLANG_WARN_NON_LITERAL_NULL_CONVERSION = YES;
				CLANG_WARN_OBJC_IMPLICIT_RETAIN_SELF = YES;
				CLANG_WARN_OBJC_LITERAL_CONVERSION = YES;
				CLANG_WARN_OBJC_ROOT_CLASS = YES_ERROR;
				CLANG_WARN_QUOTED_INCLUDE_IN_FRAMEWORK_HEADER = YES;
				CLANG_WARN_RANGE_LOOP_ANALYSIS = YES;
				CLANG_WARN_STRICT_PROTOTYPES = YES;
				CLANG_WARN_SUSPICIOUS_MOVE = YES;
				CLANG_WARN_UNGUARDED_AVAILABILITY = YES_AGGRESSIVE;
				CLANG_WARN_UNREACHABLE_CODE = YES;
				CLANG_WARN__DUPLICATE_METHOD_MATCH = YES;
				COPY_PHASE_STRIP = NO;
				DEBUG_INFORMATION_FORMAT = dwarf;
				ENABLE_STRICT_OBJC_MSGSEND = YES;
				ENABLE_TESTABILITY = YES;
				GCC_C_LANGUAGE_STANDARD = gnu11;
				GCC_DYNAMIC_NO_PIC = NO;
				GCC_NO_COMMON_BLOCKS = YES;
				GCC_OPTIMIZATION_LEVEL = 0;
				GCC_PREPROCESSOR_DEFINITIONS = (
					"DEBUG=1",
					"$(inherited)",
				);
				GCC_WARN_64_TO_32_BIT_CONVERSION = YES;
				GCC_WARN_ABOUT_RETURN_TYPE = YES_ERROR;
				GCC_WARN_UNDECLARED_SELECTOR = YES;
				GCC_WARN_UNINITIALIZED_AUTOS = YES_AGGRESSIVE;
				GCC_WARN_UNUSED_FUNCTION = YES;
				GCC_WARN_UNUSED_VARIABLE = YES;
				IPHONEOS_DEPLOYMENT_TARGET = 13.0;
				MTL_ENABLE_DEBUG_INFO = INCLUDE_SOURCE;
				MTL_FAST_MATH = YES;
				ONLY_ACTIVE_ARCH = YES;
				SDKROOT = iphoneos;
				SWIFT_ACTIVE_COMPILATION_CONDITIONS = DEBUG;
				SWIFT_OPTIMIZATION_LEVEL = "-Onone";
			};
			name = Debug;
		};
		E8678D5624C9DC9F006F8244 /* Release */ = {
			isa = XCBuildConfiguration;
			buildSettings = {
				ALWAYS_SEARCH_USER_PATHS = NO;
				CLANG_ANALYZER_NONNULL = YES;
				CLANG_ANALYZER_NUMBER_OBJECT_CONVERSION = YES_AGGRESSIVE;
				CLANG_CXX_LANGUAGE_STANDARD = "gnu++14";
				CLANG_CXX_LIBRARY = "libc++";
				CLANG_ENABLE_MODULES = YES;
				CLANG_ENABLE_OBJC_ARC = YES;
				CLANG_ENABLE_OBJC_WEAK = YES;
				CLANG_WARN_BLOCK_CAPTURE_AUTORELEASING = YES;
				CLANG_WARN_BOOL_CONVERSION = YES;
				CLANG_WARN_COMMA = YES;
				CLANG_WARN_CONSTANT_CONVERSION = YES;
				CLANG_WARN_DEPRECATED_OBJC_IMPLEMENTATIONS = YES;
				CLANG_WARN_DIRECT_OBJC_ISA_USAGE = YES_ERROR;
				CLANG_WARN_DOCUMENTATION_COMMENTS = YES;
				CLANG_WARN_EMPTY_BODY = YES;
				CLANG_WARN_ENUM_CONVERSION = YES;
				CLANG_WARN_INFINITE_RECURSION = YES;
				CLANG_WARN_INT_CONVERSION = YES;
				CLANG_WARN_NON_LITERAL_NULL_CONVERSION = YES;
				CLANG_WARN_OBJC_IMPLICIT_RETAIN_SELF = YES;
				CLANG_WARN_OBJC_LITERAL_CONVERSION = YES;
				CLANG_WARN_OBJC_ROOT_CLASS = YES_ERROR;
				CLANG_WARN_QUOTED_INCLUDE_IN_FRAMEWORK_HEADER = YES;
				CLANG_WARN_RANGE_LOOP_ANALYSIS = YES;
				CLANG_WARN_STRICT_PROTOTYPES = YES;
				CLANG_WARN_SUSPICIOUS_MOVE = YES;
				CLANG_WARN_UNGUARDED_AVAILABILITY = YES_AGGRESSIVE;
				CLANG_WARN_UNREACHABLE_CODE = YES;
				CLANG_WARN__DUPLICATE_METHOD_MATCH = YES;
				COPY_PHASE_STRIP = NO;
				DEBUG_INFORMATION_FORMAT = "dwarf-with-dsym";
				ENABLE_NS_ASSERTIONS = NO;
				ENABLE_STRICT_OBJC_MSGSEND = YES;
				GCC_C_LANGUAGE_STANDARD = gnu11;
				GCC_NO_COMMON_BLOCKS = YES;
				GCC_WARN_64_TO_32_BIT_CONVERSION = YES;
				GCC_WARN_ABOUT_RETURN_TYPE = YES_ERROR;
				GCC_WARN_UNDECLARED_SELECTOR = YES;
				GCC_WARN_UNINITIALIZED_AUTOS = YES_AGGRESSIVE;
				GCC_WARN_UNUSED_FUNCTION = YES;
				GCC_WARN_UNUSED_VARIABLE = YES;
				IPHONEOS_DEPLOYMENT_TARGET = 13.0;
				MTL_ENABLE_DEBUG_INFO = NO;
				MTL_FAST_MATH = YES;
				SDKROOT = iphoneos;
				SWIFT_COMPILATION_MODE = wholemodule;
				SWIFT_OPTIMIZATION_LEVEL = "-O";
				VALIDATE_PRODUCT = YES;
			};
			name = Release;
		};
		E8678D5824C9DC9F006F8244 /* Debug */ = {
			isa = XCBuildConfiguration;
			baseConfigurationReference = 0F68F75FD80F257050713C93 /* Pods-AudiokitSequencer.debug.xcconfig */;
			buildSettings = {
				ASSETCATALOG_COMPILER_APPICON_NAME = AppIcon;
				CODE_SIGN_IDENTITY = "Apple Development";
				CODE_SIGN_STYLE = Automatic;
				DEVELOPMENT_TEAM = 5Y334DX523;
				INFOPLIST_FILE = AudiokitSequencer/Info.plist;
				LD_RUNPATH_SEARCH_PATHS = (
					"$(inherited)",
					"@executable_path/Frameworks",
				);
				PRODUCT_BUNDLE_IDENTIFIER = de.webabilities.AudiokitSequence;
				PRODUCT_NAME = "$(TARGET_NAME)";
				PROVISIONING_PROFILE_SPECIFIER = "";
				SWIFT_VERSION = 5.0;
				TARGETED_DEVICE_FAMILY = "1,2";
			};
			name = Debug;
		};
		E8678D5924C9DC9F006F8244 /* Release */ = {
			isa = XCBuildConfiguration;
			baseConfigurationReference = 7CA7515D0B91C10E14D1E3DF /* Pods-AudiokitSequencer.release.xcconfig */;
			buildSettings = {
				ASSETCATALOG_COMPILER_APPICON_NAME = AppIcon;
				CODE_SIGN_STYLE = Automatic;
				DEVELOPMENT_TEAM = W2627T4CKR;
				INFOPLIST_FILE = AudiokitSequencer/Info.plist;
				LD_RUNPATH_SEARCH_PATHS = (
					"$(inherited)",
					"@executable_path/Frameworks",
				);
				PRODUCT_BUNDLE_IDENTIFIER = de.webabilities.AudiokitSequencer;
				PRODUCT_NAME = "$(TARGET_NAME)";
				SWIFT_VERSION = 5.0;
				TARGETED_DEVICE_FAMILY = "1,2";
			};
			name = Release;
		};
		E8678D5B24C9DC9F006F8244 /* Debug */ = {
			isa = XCBuildConfiguration;
			baseConfigurationReference = 13954783F1C09B9BFBC97A85 /* Pods-AudiokitSequencerTests.debug.xcconfig */;
			buildSettings = {
				ALWAYS_EMBED_SWIFT_STANDARD_LIBRARIES = YES;
				BUNDLE_LOADER = "$(TEST_HOST)";
				CODE_SIGN_STYLE = Automatic;
				DEVELOPMENT_TEAM = W2627T4CKR;
				INFOPLIST_FILE = AudiokitSequencerTests/Info.plist;
				IPHONEOS_DEPLOYMENT_TARGET = 13.4;
				LD_RUNPATH_SEARCH_PATHS = (
					"$(inherited)",
					"@executable_path/Frameworks",
					"@loader_path/Frameworks",
				);
				PRODUCT_BUNDLE_IDENTIFIER = de.webabilities.AudiokitSequencerTests;
				PRODUCT_NAME = "$(TARGET_NAME)";
				SWIFT_VERSION = 5.0;
				TARGETED_DEVICE_FAMILY = "1,2";
				TEST_HOST = "$(BUILT_PRODUCTS_DIR)/AudiokitSequencer.app/AudiokitSequencer";
			};
			name = Debug;
		};
		E8678D5C24C9DC9F006F8244 /* Release */ = {
			isa = XCBuildConfiguration;
			baseConfigurationReference = 07D0B390C746B012D21BA856 /* Pods-AudiokitSequencerTests.release.xcconfig */;
			buildSettings = {
				ALWAYS_EMBED_SWIFT_STANDARD_LIBRARIES = YES;
				BUNDLE_LOADER = "$(TEST_HOST)";
				CODE_SIGN_STYLE = Automatic;
				DEVELOPMENT_TEAM = W2627T4CKR;
				INFOPLIST_FILE = AudiokitSequencerTests/Info.plist;
				IPHONEOS_DEPLOYMENT_TARGET = 13.4;
				LD_RUNPATH_SEARCH_PATHS = (
					"$(inherited)",
					"@executable_path/Frameworks",
					"@loader_path/Frameworks",
				);
				PRODUCT_BUNDLE_IDENTIFIER = de.webabilities.AudiokitSequencerTests;
				PRODUCT_NAME = "$(TARGET_NAME)";
				SWIFT_VERSION = 5.0;
				TARGETED_DEVICE_FAMILY = "1,2";
				TEST_HOST = "$(BUILT_PRODUCTS_DIR)/AudiokitSequencer.app/AudiokitSequencer";
			};
			name = Release;
		};
/* End XCBuildConfiguration section */

/* Begin XCConfigurationList section */
		E8678D3324C9DC9E006F8244 /* Build configuration list for PBXProject "AudiokitSequencer" */ = {
			isa = XCConfigurationList;
			buildConfigurations = (
				E8678D5524C9DC9F006F8244 /* Debug */,
				E8678D5624C9DC9F006F8244 /* Release */,
			);
			defaultConfigurationIsVisible = 0;
			defaultConfigurationName = Release;
		};
		E8678D5724C9DC9F006F8244 /* Build configuration list for PBXNativeTarget "AudiokitSequencer" */ = {
			isa = XCConfigurationList;
			buildConfigurations = (
				E8678D5824C9DC9F006F8244 /* Debug */,
				E8678D5924C9DC9F006F8244 /* Release */,
			);
			defaultConfigurationIsVisible = 0;
			defaultConfigurationName = Release;
		};
		E8678D5A24C9DC9F006F8244 /* Build configuration list for PBXNativeTarget "AudiokitSequencerTests" */ = {
			isa = XCConfigurationList;
			buildConfigurations = (
				E8678D5B24C9DC9F006F8244 /* Debug */,
				E8678D5C24C9DC9F006F8244 /* Release */,
			);
			defaultConfigurationIsVisible = 0;
			defaultConfigurationName = Release;
		};
/* End XCConfigurationList section */
	};
	rootObject = E8678D3024C9DC9E006F8244 /* Project object */;
}
